{
  "version": 4,
  "terraform_version": "1.5.7",
  "serial": 34,
  "lineage": "20ba9024-e929-2fd3-3f46-2d523f895f26",
  "outputs": {
    "site_name": {
      "value": "website-tf-bucket.website.yandexcloud.net",
      "type": "string"
    }
  },
  "resources": [
    {
      "mode": "managed",
      "type": "yandex_iam_service_account",
      "name": "sa",
      "provider": "provider[\"registry.terraform.io/yandex-cloud/yandex\"]",
      "instances": [
        {
          "schema_version": 0,
          "attributes": {
            "created_at": "2023-10-04T09:22:12Z",
            "description": "",
            "folder_id": "b1girgsodhjtp9a0laq4",
            "id": "aje846sqosd43gfog33u",
            "name": "tf-test-sa",
            "timeouts": null
          },
          "sensitive_attributes": [],
          "private": "eyJlMmJmYjczMC1lY2FhLTExZTYtOGY4OC0zNDM2M2JjN2M0YzAiOnsiY3JlYXRlIjo2MDAwMDAwMDAwMCwiZGVsZXRlIjo2MDAwMDAwMDAwMCwidXBkYXRlIjo2MDAwMDAwMDAwMH19"
        }
      ]
    },
    {
      "mode": "managed",
      "type": "yandex_iam_service_account_static_access_key",
      "name": "sa-static-key",
      "provider": "provider[\"registry.terraform.io/yandex-cloud/yandex\"]",
      "instances": [
        {
          "schema_version": 0,
          "attributes": {
            "access_key": "YCAJEf-T8HjE8USPiD3Y0KuZu",
            "created_at": "2023-10-04T09:22:14Z",
            "description": "static access key for object storage",
            "encrypted_secret_key": null,
            "id": "ajectvia6i78d8ugv3bf",
            "key_fingerprint": null,
            "pgp_key": null,
            "secret_key": "YCOuYHSZSfi321waQXj5wJq7LB8Dj5ACkpRIoa3E",
            "service_account_id": "aje846sqosd43gfog33u"
          },
          "sensitive_attributes": [],
          "private": "bnVsbA==",
          "dependencies": [
            "yandex_iam_service_account.sa"
          ]
        }
      ]
    },
    {
      "mode": "managed",
      "type": "yandex_resourcemanager_folder_iam_member",
      "name": "sa-editor",
      "provider": "provider[\"registry.terraform.io/yandex-cloud/yandex\"]",
      "instances": [
        {
          "schema_version": 0,
          "attributes": {
            "folder_id": "b1girgsodhjtp9a0laq4",
            "id": "b1girgsodhjtp9a0laq4/storage.admin/serviceAccount:aje846sqosd43gfog33u",
            "member": "serviceAccount:aje846sqosd43gfog33u",
            "role": "storage.admin",
            "sleep_after": null,
            "timeouts": null
          },
          "sensitive_attributes": [],
          "private": "eyJlMmJmYjczMC1lY2FhLTExZTYtOGY4OC0zNDM2M2JjN2M0YzAiOnsiY3JlYXRlIjo2MDAwMDAwMDAwMCwiZGVmYXVsdCI6NjAwMDAwMDAwMDAsImRlbGV0ZSI6NjAwMDAwMDAwMDAsInJlYWQiOjYwMDAwMDAwMDAwLCJ1cGRhdGUiOjYwMDAwMDAwMDAwfX0=",
          "dependencies": [
            "yandex_iam_service_account.sa"
          ]
        }
      ]
    },
    {
      "mode": "managed",
      "type": "yandex_storage_bucket",
      "name": "test",
      "provider": "provider[\"registry.terraform.io/yandex-cloud/yandex\"]",
      "instances": [
        {
          "schema_version": 0,
          "attributes": {
            "access_key": "YCAJEf-T8HjE8USPiD3Y0KuZu",
            "acl": "public-read",
            "anonymous_access_flags": [
              {
                "config_read": true,
                "list": true,
                "read": true
              }
            ],
            "bucket": "website-tf-bucket",
            "bucket_domain_name": "website-tf-bucket.storage.yandexcloud.net",
            "bucket_prefix": null,
            "cors_rule": [],
            "default_storage_class": "STANDARD",
            "folder_id": "b1girgsodhjtp9a0laq4",
            "force_destroy": false,
            "grant": [
              {
                "id": "",
                "permissions": [
                  "READ"
                ],
                "type": "Group",
                "uri": "http://acs.amazonaws.com/groups/global/AllUsers"
              }
            ],
            "https": [],
            "id": "website-tf-bucket",
            "lifecycle_rule": [],
            "logging": [],
            "max_size": 0,
            "object_lock_configuration": [],
            "policy": "",
            "secret_key": "YCOuYHSZSfi321waQXj5wJq7LB8Dj5ACkpRIoa3E",
            "server_side_encryption_configuration": [],
            "tags": null,
            "versioning": [
              {
                "enabled": false
              }
            ],
            "website": [
              {
                "error_document": "",
                "index_document": "index.html",
                "redirect_all_requests_to": "",
                "routing_rules": ""
              }
            ],
            "website_domain": "website.yandexcloud.net",
            "website_endpoint": "website-tf-bucket.website.yandexcloud.net"
          },
          "sensitive_attributes": [
            [
              {
                "type": "get_attr",
                "value": "secret_key"
              }
            ]
          ],
          "private": "bnVsbA==",
          "dependencies": [
            "yandex_iam_service_account.sa",
            "yandex_iam_service_account_static_access_key.sa-static-key"
          ]
        }
      ]
    },
    {
      "mode": "managed",
      "type": "yandex_storage_object",
      "name": "img",
      "provider": "provider[\"registry.terraform.io/yandex-cloud/yandex\"]",
      "instances": [
        {
          "index_key": "img/cat.png",
          "schema_version": 0,
          "attributes": {
            "access_key": "YCAJEf-T8HjE8USPiD3Y0KuZu",
            "acl": "public-read",
            "bucket": "website-tf-bucket",
            "content": null,
            "content_base64": null,
            "content_type": "application/octet-stream",
            "id": "img/cat.png",
            "key": "img/cat.png",
            "object_lock_legal_hold_status": "OFF",
            "object_lock_mode": null,
            "object_lock_retain_until_date": null,
            "secret_key": "YCOuYHSZSfi321waQXj5wJq7LB8Dj5ACkpRIoa3E",
            "source": "site/img/cat.png",
            "source_hash": null,
            "tags": {
              "test": "cats"
            }
          },
          "sensitive_attributes": [
            [
              {
                "type": "get_attr",
                "value": "secret_key"
              }
            ]
          ],
          "private": "bnVsbA==",
          "dependencies": [
            "yandex_iam_service_account.sa",
            "yandex_iam_service_account_static_access_key.sa-static-key",
            "yandex_storage_bucket.test"
          ]
        }
      ]
    },
    {
      "mode": "managed",
      "type": "yandex_storage_object",
      "name": "index",
      "provider": "provider[\"registry.terraform.io/yandex-cloud/yandex\"]",
      "instances": [
        {
          "schema_version": 0,
          "attributes": {
            "access_key": "YCAJEf-T8HjE8USPiD3Y0KuZu",
            "acl": "public-read",
            "bucket": "website-tf-bucket",
            "content": null,
            "content_base64": "PCFET0NUWVBFIGh0bWw+DQo8aHRtbCBsYW5nPSJlbiI+DQo8aGVhZD4NCiAgICA8bWV0YSBjaGFyc2V0PSJVVEYtOCI+DQogICAgPG1ldGEgbmFtZT0idmlld3BvcnQiIGNvbnRlbnQ9IndpZHRoPWRldmljZS13aWR0aCwgaW5pdGlhbC1zY2FsZT0xLjAiPg0KICAgIDx0aXRsZT5NeSBjYXQ8L3RpdGxlPg0KPC9oZWFkPg0KPGJvZHk+DQogICAgPGgxPiBIZWxsbywgQ2F0cyEgPC9oMT4NCg0KICAgIDxwPjxpbWcgc3JjPSJpbWcvY2F0LnBuZyI+PC9wPg0KDQo8L2JvZHk+DQo8L2h0bWw+",
            "content_type": "application/octet-stream",
            "id": "index.html",
            "key": "index.html",
            "object_lock_legal_hold_status": "OFF",
            "object_lock_mode": null,
            "object_lock_retain_until_date": null,
            "secret_key": "YCOuYHSZSfi321waQXj5wJq7LB8Dj5ACkpRIoa3E",
            "source": null,
            "source_hash": null,
            "tags": {
              "test": "cats"
            }
          },
          "sensitive_attributes": [
            [
              {
                "type": "get_attr",
                "value": "secret_key"
              }
            ]
          ],
          "private": "bnVsbA==",
          "dependencies": [
            "yandex_iam_service_account.sa",
            "yandex_iam_service_account_static_access_key.sa-static-key",
            "yandex_storage_bucket.test"
          ]
        }
      ]
    }
  ],
  "check_results": null
}
